
Microsoft Visual Studio Solution File, Format Version 12.00
# Visual Studio Version 17
VisualStudioVersion = 17.14.36327.8 d17.14
MinimumVisualStudioVersion = 10.0.40219.1
Project("{FAE04EC0-301F-11D3-BF4B-00C04F79EFBC}") = "ErisimBelirleyiciTurler.Console", "ErisimBelirleyiciTurler.Console\ErisimBelirleyiciTurler.Console.csproj", "{6B2E48F0-F3D8-4062-8A6A-5C692669658F}"
EndProject
Global
	GlobalSection(SolutionConfigurationPlatforms) = preSolution
		Debug|Any CPU = Debug|Any CPU
		Release|Any CPU = Release|Any CPU
	EndGlobalSection
	GlobalSection(ProjectConfigurationPlatforms) = postSolution
		{6B2E48F0-F3D8-4062-8A6A-5C692669658F}.Debug|Any CPU.ActiveCfg = Debug|Any CPU
		{6B2E48F0-F3D8-4062-8A6A-5C692669658F}.Debug|Any CPU.Build.0 = Debug|Any CPU
		{6B2E48F0-F3D8-4062-8A6A-5C692669658F}.Release|Any CPU.ActiveCfg = Release|Any CPU
		{6B2E48F0-F3D8-4062-8A6A-5C692669658F}.Release|Any CPU.Build.0 = Release|Any CPU
	EndGlobalSection
	GlobalSection(SolutionProperties) = preSolution
		HideSolutionNode = FALSE
	EndGlobalSection
	GlobalSection(ExtensibilityGlobals) = postSolution
		SolutionGuid = {3389BAC0-5CF0-412F-8F27-50BE547276FE}
	EndGlobalSection
EndGlobal
